{
  "name": "smaug",
  "version": "0.1.0",
  "lockfileVersion": 3,
  "requires": true,
  "packages": {
    "": {
      "name": "smaug",
      "version": "0.1.0",
      "license": "MIT",
      "dependencies": {
        "claude": "^0.1.1",
        "dayjs": "^1.11.10"
      },
      "bin": {
        "smaug": "src/cli.js"
      },
      "devDependencies": {
        "zod": "^4.3.5"
      },
      "engines": {
        "node": ">=20"
      }
    },
    "node_modules/claude": {
      "version": "0.1.1",
      "resolved": "https://registry.npmjs.org/claude/-/claude-0.1.1.tgz",
      "integrity": "sha512-j7oSibqQdIODNhkI1sEJzHMiPsF43L/GqNbcA+eDDyGM10+x2sH9NW/PK6vM3z0J2tLDKMBcc5ZjVaoRinhuCA==",
      "license": "ISC"
    },
    "node_modules/dayjs": {
      "version": "1.11.19",
      "resolved": "https://registry.npmjs.org/dayjs/-/dayjs-1.11.19.tgz",
      "integrity": "sha512-t5EcLVS6QPBNqM2z8fakk/NKel+Xzshgt8FFKAn+qwlD1pzZWxh0nVCrvFK7ZDb6XucZeF9z8C7CBWTRIVApAw==",
      "license": "MIT"
    },
    "node_modules/zod": {
      "version": "4.3.5",
      "resolved": "https://registry.npmjs.org/zod/-/zod-4.3.5.tgz",
      "integrity": "sha512-k7Nwx6vuWx1IJ9Bjuf4Zt1PEllcwe7cls3VNzm4CQ1/hgtFUK2bRNG3rvnpPUhFjmqJKAKtjV576KnUkHocg/g==",
      "dev": true,
      "license": "MIT",
      "funding": {
        "url": "https://github.com/sponsors/colinhacks"
      }
    }
  }
}
